
Microsoft Visual Studio Solution File, Format Version 12.00
# Visual Studio 2012
Project("{FAE04EC0-301F-11D3-BF4B-00C04F79EFBC}") = "Events", "Events\Events.csproj", "{35BE9999-4BEA-44E9-B8E6-274424A7E9C7}"
EndProject
Project("{FAE04EC0-301F-11D3-BF4B-00C04F79EFBC}") = "Events.iOS", "iOS\Events.iOS.csproj", "{CC68B18F-F017-46A9-A6ED-3FAB4522BFE3}"
EndProject
Project("{FAE04EC0-301F-11D3-BF4B-00C04F79EFBC}") = "Events.Droid", "Droid\Events.Droid.csproj", "{7C3E12B3-9796-4885-8C63-AD294BA72F16}"
EndProject
Global
	GlobalSection(SolutionConfigurationPlatforms) = preSolution
		Debug|Any CPU = Debug|Any CPU
		Release|Any CPU = Release|Any CPU
		Debug|iPhoneSimulator = Debug|iPhoneSimulator
		Release|iPhone = Release|iPhone
		Release|iPhoneSimulator = Release|iPhoneSimulator
		Debug|iPhone = Debug|iPhone
	EndGlobalSection
	GlobalSection(ProjectConfigurationPlatforms) = postSolution
		{35BE9999-4BEA-44E9-B8E6-274424A7E9C7}.Debug|Any CPU.ActiveCfg = Debug|Any CPU
		{35BE9999-4BEA-44E9-B8E6-274424A7E9C7}.Debug|Any CPU.Build.0 = Debug|Any CPU
		{35BE9999-4BEA-44E9-B8E6-274424A7E9C7}.Release|Any CPU.ActiveCfg = Release|Any CPU
		{35BE9999-4BEA-44E9-B8E6-274424A7E9C7}.Release|Any CPU.Build.0 = Release|Any CPU
		{35BE9999-4BEA-44E9-B8E6-274424A7E9C7}.Debug|iPhoneSimulator.ActiveCfg = Debug|Any CPU
		{35BE9999-4BEA-44E9-B8E6-274424A7E9C7}.Debug|iPhoneSimulator.Build.0 = Debug|Any CPU
		{35BE9999-4BEA-44E9-B8E6-274424A7E9C7}.Release|iPhone.ActiveCfg = Release|Any CPU
		{35BE9999-4BEA-44E9-B8E6-274424A7E9C7}.Release|iPhone.Build.0 = Release|Any CPU
		{35BE9999-4BEA-44E9-B8E6-274424A7E9C7}.Release|iPhoneSimulator.ActiveCfg = Release|Any CPU
		{35BE9999-4BEA-44E9-B8E6-274424A7E9C7}.Release|iPhoneSimulator.Build.0 = Release|Any CPU
		{35BE9999-4BEA-44E9-B8E6-274424A7E9C7}.Debug|iPhone.ActiveCfg = Debug|Any CPU
		{35BE9999-4BEA-44E9-B8E6-274424A7E9C7}.Debug|iPhone.Build.0 = Debug|Any CPU
		{CC68B18F-F017-46A9-A6ED-3FAB4522BFE3}.Debug|Any CPU.ActiveCfg = Debug|iPhoneSimulator
		{CC68B18F-F017-46A9-A6ED-3FAB4522BFE3}.Debug|Any CPU.Build.0 = Debug|iPhoneSimulator
		{CC68B18F-F017-46A9-A6ED-3FAB4522BFE3}.Release|Any CPU.ActiveCfg = Release|iPhone
		{CC68B18F-F017-46A9-A6ED-3FAB4522BFE3}.Release|Any CPU.Build.0 = Release|iPhone
		{CC68B18F-F017-46A9-A6ED-3FAB4522BFE3}.Debug|iPhoneSimulator.ActiveCfg = Debug|iPhoneSimulator
		{CC68B18F-F017-46A9-A6ED-3FAB4522BFE3}.Debug|iPhoneSimulator.Build.0 = Debug|iPhoneSimulator
		{CC68B18F-F017-46A9-A6ED-3FAB4522BFE3}.Release|iPhone.ActiveCfg = Release|iPhone
		{CC68B18F-F017-46A9-A6ED-3FAB4522BFE3}.Release|iPhone.Build.0 = Release|iPhone
		{CC68B18F-F017-46A9-A6ED-3FAB4522BFE3}.Release|iPhoneSimulator.ActiveCfg = Release|iPhoneSimulator
		{CC68B18F-F017-46A9-A6ED-3FAB4522BFE3}.Release|iPhoneSimulator.Build.0 = Release|iPhoneSimulator
		{CC68B18F-F017-46A9-A6ED-3FAB4522BFE3}.Debug|iPhone.ActiveCfg = Debug|iPhone
		{CC68B18F-F017-46A9-A6ED-3FAB4522BFE3}.Debug|iPhone.Build.0 = Debug|iPhone
		{7C3E12B3-9796-4885-8C63-AD294BA72F16}.Debug|Any CPU.ActiveCfg = Debug|Any CPU
		{7C3E12B3-9796-4885-8C63-AD294BA72F16}.Debug|Any CPU.Build.0 = Debug|Any CPU
		{7C3E12B3-9796-4885-8C63-AD294BA72F16}.Release|Any CPU.ActiveCfg = Release|Any CPU
		{7C3E12B3-9796-4885-8C63-AD294BA72F16}.Release|Any CPU.Build.0 = Release|Any CPU
		{7C3E12B3-9796-4885-8C63-AD294BA72F16}.Debug|iPhoneSimulator.ActiveCfg = Debug|Any CPU
		{7C3E12B3-9796-4885-8C63-AD294BA72F16}.Debug|iPhoneSimulator.Build.0 = Debug|Any CPU
		{7C3E12B3-9796-4885-8C63-AD294BA72F16}.Release|iPhone.ActiveCfg = Release|Any CPU
		{7C3E12B3-9796-4885-8C63-AD294BA72F16}.Release|iPhone.Build.0 = Release|Any CPU
		{7C3E12B3-9796-4885-8C63-AD294BA72F16}.Release|iPhoneSimulator.ActiveCfg = Release|Any CPU
		{7C3E12B3-9796-4885-8C63-AD294BA72F16}.Release|iPhoneSimulator.Build.0 = Release|Any CPU
		{7C3E12B3-9796-4885-8C63-AD294BA72F16}.Debug|iPhone.ActiveCfg = Debug|Any CPU
		{7C3E12B3-9796-4885-8C63-AD294BA72F16}.Debug|iPhone.Build.0 = Debug|Any CPU
	EndGlobalSection
EndGlobal
